
Microsoft Visual Studio Solution File, Format Version 12.00
# Visual Studio 2013
Project("{FAE04EC0-301F-11D3-BF4B-00C04F79EFBC}") = "UnitySocket.CSharp", "UnitySocket.CSharp.csproj", "{1827E923-B752-C92C-EDF1-839801B8AE1A}"
EndProject
Global
	GlobalSection(SolutionConfigurationPlatforms) = preSolution
		Debug|Any CPU = Debug|Any CPU
		Release|Any CPU = Release|Any CPU
	EndGlobalSection
	GlobalSection(ProjectConfigurationPlatforms) = postSolution
		{1827E923-B752-C92C-EDF1-839801B8AE1A}.Debug|Any CPU.ActiveCfg = Debug|Any CPU
		{1827E923-B752-C92C-EDF1-839801B8AE1A}.Debug|Any CPU.Build.0 = Debug|Any CPU
		{1827E923-B752-C92C-EDF1-839801B8AE1A}.Release|Any CPU.ActiveCfg = Release|Any CPU
		{1827E923-B752-C92C-EDF1-839801B8AE1A}.Release|Any CPU.Build.0 = Release|Any CPU
	EndGlobalSection
	GlobalSection(SolutionProperties) = preSolution
		HideSolutionNode = FALSE
	EndGlobalSection
EndGlobal
